
Microsoft Visual Studio Solution File, Format Version 12.00
# Visual Studio 14
VisualStudioVersion = 14.0.24720.0
MinimumVisualStudioVersion = 10.0.40219.1
Project("{FAE04EC0-301F-11D3-BF4B-00C04F79EFBC}") = "JsonConfig.Core", "JsonConfig.Core\JsonConfig.Core.csproj", "{2326255D-12E2-4B1B-B7AE-86A957184236}"
EndProject
Project("{FAE04EC0-301F-11D3-BF4B-00C04F79EFBC}") = "JsonConfig.Core.Example", "JsonConfig.Core.Example\JsonConfig.Core.Example.csproj", "{841A66FC-45D6-4689-B406-AC7C0BD2472B}"
EndProject
Global
	GlobalSection(SolutionConfigurationPlatforms) = preSolution
		Debug|Any CPU = Debug|Any CPU
		Release|Any CPU = Release|Any CPU
	EndGlobalSection
	GlobalSection(ProjectConfigurationPlatforms) = postSolution
		{2326255D-12E2-4B1B-B7AE-86A957184236}.Debug|Any CPU.ActiveCfg = Debug|Any CPU
		{2326255D-12E2-4B1B-B7AE-86A957184236}.Debug|Any CPU.Build.0 = Debug|Any CPU
		{2326255D-12E2-4B1B-B7AE-86A957184236}.Release|Any CPU.ActiveCfg = Release|Any CPU
		{2326255D-12E2-4B1B-B7AE-86A957184236}.Release|Any CPU.Build.0 = Release|Any CPU
		{841A66FC-45D6-4689-B406-AC7C0BD2472B}.Debug|Any CPU.ActiveCfg = Debug|Any CPU
		{841A66FC-45D6-4689-B406-AC7C0BD2472B}.Debug|Any CPU.Build.0 = Debug|Any CPU
		{841A66FC-45D6-4689-B406-AC7C0BD2472B}.Release|Any CPU.ActiveCfg = Release|Any CPU
		{841A66FC-45D6-4689-B406-AC7C0BD2472B}.Release|Any CPU.Build.0 = Release|Any CPU
	EndGlobalSection
	GlobalSection(SolutionProperties) = preSolution
		HideSolutionNode = FALSE
	EndGlobalSection
	GlobalSection(MonoDevelopProperties) = preSolution
		Policies = $0
		$0.DotNetNamingPolicy = $1
		$1.DirectoryNamespaceAssociation = PrefixedHierarchical
	EndGlobalSection
EndGlobal
